
Microsoft Visual Studio Solution File, Format Version 12.00
# Visual Studio Version 17
VisualStudioVersion = 17.0.31903.59
MinimumVisualStudioVersion = 10.0.40219.1
Project("{FAE04EC0-301F-11D3-BF4B-00C04F79EFBC}") = "Dtce.Common", "Dtce.Common\Dtce.Common.csproj", "{CFC99FBC-C1C2-4A16-A25A-779743C0C880}"
EndProject
Project("{FAE04EC0-301F-11D3-BF4B-00C04F79EFBC}") = "Dtce.ApiGateway", "Dtce.ApiGateway\Dtce.ApiGateway.csproj", "{138E5505-22BB-4093-BABB-82DE11E7A243}"
EndProject
Project("{FAE04EC0-301F-11D3-BF4B-00C04F79EFBC}") = "Dtce.IngestionService", "Dtce.IngestionService\Dtce.IngestionService.csproj", "{EDD62D62-E7C1-4775-A07C-031A4D361D94}"
EndProject
Project("{FAE04EC0-301F-11D3-BF4B-00C04F79EFBC}") = "Dtce.JobQueue", "Dtce.JobQueue\Dtce.JobQueue.csproj", "{943BC4F9-814C-4B13-A3D7-747423EF6223}"
EndProject
Project("{FAE04EC0-301F-11D3-BF4B-00C04F79EFBC}") = "Dtce.ParsingEngine", "Dtce.ParsingEngine\Dtce.ParsingEngine.csproj", "{3862F585-81F4-4ACB-9F78-A62ED8386E8F}"
EndProject
Project("{FAE04EC0-301F-11D3-BF4B-00C04F79EFBC}") = "Dtce.AnalysisEngine", "Dtce.AnalysisEngine\Dtce.AnalysisEngine.csproj", "{D2A89FBD-4CCA-42D2-9913-837B949922AB}"
EndProject
Project("{FAE04EC0-301F-11D3-BF4B-00C04F79EFBC}") = "Dtce.Persistence", "Dtce.Persistence\Dtce.Persistence.csproj", "{4205C888-0B22-4BBD-9880-FB6C44224A68}"
EndProject
Project("{FAE04EC0-301F-11D3-BF4B-00C04F79EFBC}") = "Dtce.WebClient", "Dtce.WebClient\Dtce.WebClient.csproj", "{C4EB7942-CE56-4BB8-BEFD-E5803574BAFC}"
EndProject
Project("{FAE04EC0-301F-11D3-BF4B-00C04F79EFBC}") = "Dtce.Infrastructure", "Dtce.Infrastructure\Dtce.Infrastructure.csproj", "{CCA231E6-19E9-4ED7-AA2B-35AB13707262}"
EndProject
Project("{FAE04EC0-301F-11D3-BF4B-00C04F79EFBC}") = "Dtce.AzureFunctions", "Dtce.AzureFunctions\Dtce.AzureFunctions.csproj", "{BC877217-0C3F-43E5-94A9-2F59E3A1D8CD}"
EndProject
Project("{FAE04EC0-301F-11D3-BF4B-00C04F79EFBC}") = "Dtce.Tests", "Dtce.Tests\Dtce.Tests.csproj", "{A497AE88-15C0-4E5A-BABF-53ED1E119669}"
EndProject
Project("{FAE04EC0-301F-11D3-BF4B-00C04F79EFBC}") = "Dtce.Identity", "Dtce.Identity\Dtce.Identity.csproj", "{9EB93113-F9B8-428A-8A2B-2B5EFC54D6F1}"
EndProject
Project("{FAE04EC0-301F-11D3-BF4B-00C04F79EFBC}") = "Dtce.DocumentRendering", "Dtce.DocumentRendering\Dtce.DocumentRendering.csproj", "{B3C4A8F2-9876-4F1F-A5E6-4A5C6B1E0D44}"
EndProject
Project("{FAE04EC0-301F-11D3-BF4B-00C04F79EFBC}") = "Tools.TemplateRendererDemo", "Tools.TemplateRendererDemo\Tools.TemplateRendererDemo.csproj", "{E90440B2-1840-4F08-8398-A816DA3BBF48}"
EndProject
Global
	GlobalSection(SolutionConfigurationPlatforms) = preSolution
		Debug|Any CPU = Debug|Any CPU
		Debug|x64 = Debug|x64
		Debug|x86 = Debug|x86
		Release|Any CPU = Release|Any CPU
		Release|x64 = Release|x64
		Release|x86 = Release|x86
	EndGlobalSection
	GlobalSection(ProjectConfigurationPlatforms) = postSolution
		{CFC99FBC-C1C2-4A16-A25A-779743C0C880}.Debug|Any CPU.ActiveCfg = Debug|Any CPU
		{CFC99FBC-C1C2-4A16-A25A-779743C0C880}.Debug|Any CPU.Build.0 = Debug|Any CPU
		{CFC99FBC-C1C2-4A16-A25A-779743C0C880}.Debug|x64.ActiveCfg = Debug|Any CPU
		{CFC99FBC-C1C2-4A16-A25A-779743C0C880}.Debug|x64.Build.0 = Debug|Any CPU
		{CFC99FBC-C1C2-4A16-A25A-779743C0C880}.Debug|x86.ActiveCfg = Debug|Any CPU
		{CFC99FBC-C1C2-4A16-A25A-779743C0C880}.Debug|x86.Build.0 = Debug|Any CPU
		{CFC99FBC-C1C2-4A16-A25A-779743C0C880}.Release|Any CPU.ActiveCfg = Release|Any CPU
		{CFC99FBC-C1C2-4A16-A25A-779743C0C880}.Release|Any CPU.Build.0 = Release|Any CPU
		{CFC99FBC-C1C2-4A16-A25A-779743C0C880}.Release|x64.ActiveCfg = Release|Any CPU
		{CFC99FBC-C1C2-4A16-A25A-779743C0C880}.Release|x64.Build.0 = Release|Any CPU
		{CFC99FBC-C1C2-4A16-A25A-779743C0C880}.Release|x86.ActiveCfg = Release|Any CPU
		{CFC99FBC-C1C2-4A16-A25A-779743C0C880}.Release|x86.Build.0 = Release|Any CPU
		{138E5505-22BB-4093-BABB-82DE11E7A243}.Debug|Any CPU.ActiveCfg = Debug|Any CPU
		{138E5505-22BB-4093-BABB-82DE11E7A243}.Debug|Any CPU.Build.0 = Debug|Any CPU
		{138E5505-22BB-4093-BABB-82DE11E7A243}.Debug|x64.ActiveCfg = Debug|Any CPU
		{138E5505-22BB-4093-BABB-82DE11E7A243}.Debug|x64.Build.0 = Debug|Any CPU
		{138E5505-22BB-4093-BABB-82DE11E7A243}.Debug|x86.ActiveCfg = Debug|Any CPU
		{138E5505-22BB-4093-BABB-82DE11E7A243}.Debug|x86.Build.0 = Debug|Any CPU
		{138E5505-22BB-4093-BABB-82DE11E7A243}.Release|Any CPU.ActiveCfg = Release|Any CPU
		{138E5505-22BB-4093-BABB-82DE11E7A243}.Release|Any CPU.Build.0 = Release|Any CPU
		{138E5505-22BB-4093-BABB-82DE11E7A243}.Release|x64.ActiveCfg = Release|Any CPU
		{138E5505-22BB-4093-BABB-82DE11E7A243}.Release|x64.Build.0 = Release|Any CPU
		{138E5505-22BB-4093-BABB-82DE11E7A243}.Release|x86.ActiveCfg = Release|Any CPU
		{138E5505-22BB-4093-BABB-82DE11E7A243}.Release|x86.Build.0 = Release|Any CPU
		{EDD62D62-E7C1-4775-A07C-031A4D361D94}.Debug|Any CPU.ActiveCfg = Debug|Any CPU
		{EDD62D62-E7C1-4775-A07C-031A4D361D94}.Debug|Any CPU.Build.0 = Debug|Any CPU
		{EDD62D62-E7C1-4775-A07C-031A4D361D94}.Debug|x64.ActiveCfg = Debug|Any CPU
		{EDD62D62-E7C1-4775-A07C-031A4D361D94}.Debug|x64.Build.0 = Debug|Any CPU
		{EDD62D62-E7C1-4775-A07C-031A4D361D94}.Debug|x86.ActiveCfg = Debug|Any CPU
		{EDD62D62-E7C1-4775-A07C-031A4D361D94}.Debug|x86.Build.0 = Debug|Any CPU
		{EDD62D62-E7C1-4775-A07C-031A4D361D94}.Release|Any CPU.ActiveCfg = Release|Any CPU
		{EDD62D62-E7C1-4775-A07C-031A4D361D94}.Release|Any CPU.Build.0 = Release|Any CPU
		{EDD62D62-E7C1-4775-A07C-031A4D361D94}.Release|x64.ActiveCfg = Release|Any CPU
		{EDD62D62-E7C1-4775-A07C-031A4D361D94}.Release|x64.Build.0 = Release|Any CPU
		{EDD62D62-E7C1-4775-A07C-031A4D361D94}.Release|x86.ActiveCfg = Release|Any CPU
		{EDD62D62-E7C1-4775-A07C-031A4D361D94}.Release|x86.Build.0 = Release|Any CPU
		{943BC4F9-814C-4B13-A3D7-747423EF6223}.Debug|Any CPU.ActiveCfg = Debug|Any CPU
		{943BC4F9-814C-4B13-A3D7-747423EF6223}.Debug|Any CPU.Build.0 = Debug|Any CPU
		{943BC4F9-814C-4B13-A3D7-747423EF6223}.Debug|x64.ActiveCfg = Debug|Any CPU
		{943BC4F9-814C-4B13-A3D7-747423EF6223}.Debug|x64.Build.0 = Debug|Any CPU
		{943BC4F9-814C-4B13-A3D7-747423EF6223}.Debug|x86.ActiveCfg = Debug|Any CPU
		{943BC4F9-814C-4B13-A3D7-747423EF6223}.Debug|x86.Build.0 = Debug|Any CPU
		{943BC4F9-814C-4B13-A3D7-747423EF6223}.Release|Any CPU.ActiveCfg = Release|Any CPU
		{943BC4F9-814C-4B13-A3D7-747423EF6223}.Release|Any CPU.Build.0 = Release|Any CPU
		{943BC4F9-814C-4B13-A3D7-747423EF6223}.Release|x64.ActiveCfg = Release|Any CPU
		{943BC4F9-814C-4B13-A3D7-747423EF6223}.Release|x64.Build.0 = Release|Any CPU
		{943BC4F9-814C-4B13-A3D7-747423EF6223}.Release|x86.ActiveCfg = Release|Any CPU
		{943BC4F9-814C-4B13-A3D7-747423EF6223}.Release|x86.Build.0 = Release|Any CPU
		{3862F585-81F4-4ACB-9F78-A62ED8386E8F}.Debug|Any CPU.ActiveCfg = Debug|Any CPU
		{3862F585-81F4-4ACB-9F78-A62ED8386E8F}.Debug|Any CPU.Build.0 = Debug|Any CPU
		{3862F585-81F4-4ACB-9F78-A62ED8386E8F}.Debug|x64.ActiveCfg = Debug|Any CPU
		{3862F585-81F4-4ACB-9F78-A62ED8386E8F}.Debug|x64.Build.0 = Debug|Any CPU
		{3862F585-81F4-4ACB-9F78-A62ED8386E8F}.Debug|x86.ActiveCfg = Debug|Any CPU
		{3862F585-81F4-4ACB-9F78-A62ED8386E8F}.Debug|x86.Build.0 = Debug|Any CPU
		{3862F585-81F4-4ACB-9F78-A62ED8386E8F}.Release|Any CPU.ActiveCfg = Release|Any CPU
		{3862F585-81F4-4ACB-9F78-A62ED8386E8F}.Release|Any CPU.Build.0 = Release|Any CPU
		{3862F585-81F4-4ACB-9F78-A62ED8386E8F}.Release|x64.ActiveCfg = Release|Any CPU
		{3862F585-81F4-4ACB-9F78-A62ED8386E8F}.Release|x64.Build.0 = Release|Any CPU
		{3862F585-81F4-4ACB-9F78-A62ED8386E8F}.Release|x86.ActiveCfg = Release|Any CPU
		{3862F585-81F4-4ACB-9F78-A62ED8386E8F}.Release|x86.Build.0 = Release|Any CPU
		{D2A89FBD-4CCA-42D2-9913-837B949922AB}.Debug|Any CPU.ActiveCfg = Debug|Any CPU
		{D2A89FBD-4CCA-42D2-9913-837B949922AB}.Debug|Any CPU.Build.0 = Debug|Any CPU
		{D2A89FBD-4CCA-42D2-9913-837B949922AB}.Debug|x64.ActiveCfg = Debug|Any CPU
		{D2A89FBD-4CCA-42D2-9913-837B949922AB}.Debug|x64.Build.0 = Debug|Any CPU
		{D2A89FBD-4CCA-42D2-9913-837B949922AB}.Debug|x86.ActiveCfg = Debug|Any CPU
		{D2A89FBD-4CCA-42D2-9913-837B949922AB}.Debug|x86.Build.0 = Debug|Any CPU
		{D2A89FBD-4CCA-42D2-9913-837B949922AB}.Release|Any CPU.ActiveCfg = Release|Any CPU
		{D2A89FBD-4CCA-42D2-9913-837B949922AB}.Release|Any CPU.Build.0 = Release|Any CPU
		{D2A89FBD-4CCA-42D2-9913-837B949922AB}.Release|x64.ActiveCfg = Release|Any CPU
		{D2A89FBD-4CCA-42D2-9913-837B949922AB}.Release|x64.Build.0 = Release|Any CPU
		{D2A89FBD-4CCA-42D2-9913-837B949922AB}.Release|x86.ActiveCfg = Release|Any CPU
		{D2A89FBD-4CCA-42D2-9913-837B949922AB}.Release|x86.Build.0 = Release|Any CPU
		{4205C888-0B22-4BBD-9880-FB6C44224A68}.Debug|Any CPU.ActiveCfg = Debug|Any CPU
		{4205C888-0B22-4BBD-9880-FB6C44224A68}.Debug|Any CPU.Build.0 = Debug|Any CPU
		{4205C888-0B22-4BBD-9880-FB6C44224A68}.Debug|x64.ActiveCfg = Debug|Any CPU
		{4205C888-0B22-4BBD-9880-FB6C44224A68}.Debug|x64.Build.0 = Debug|Any CPU
		{4205C888-0B22-4BBD-9880-FB6C44224A68}.Debug|x86.ActiveCfg = Debug|Any CPU
		{4205C888-0B22-4BBD-9880-FB6C44224A68}.Debug|x86.Build.0 = Debug|Any CPU
		{4205C888-0B22-4BBD-9880-FB6C44224A68}.Release|Any CPU.ActiveCfg = Release|Any CPU
		{4205C888-0B22-4BBD-9880-FB6C44224A68}.Release|Any CPU.Build.0 = Release|Any CPU
		{4205C888-0B22-4BBD-9880-FB6C44224A68}.Release|x64.ActiveCfg = Release|Any CPU
		{4205C888-0B22-4BBD-9880-FB6C44224A68}.Release|x64.Build.0 = Release|Any CPU
		{4205C888-0B22-4BBD-9880-FB6C44224A68}.Release|x86.ActiveCfg = Release|Any CPU
		{4205C888-0B22-4BBD-9880-FB6C44224A68}.Release|x86.Build.0 = Release|Any CPU
		{C4EB7942-CE56-4BB8-BEFD-E5803574BAFC}.Debug|Any CPU.ActiveCfg = Debug|Any CPU
		{C4EB7942-CE56-4BB8-BEFD-E5803574BAFC}.Debug|Any CPU.Build.0 = Debug|Any CPU
		{C4EB7942-CE56-4BB8-BEFD-E5803574BAFC}.Debug|x64.ActiveCfg = Debug|Any CPU
		{C4EB7942-CE56-4BB8-BEFD-E5803574BAFC}.Debug|x64.Build.0 = Debug|Any CPU
		{C4EB7942-CE56-4BB8-BEFD-E5803574BAFC}.Debug|x86.ActiveCfg = Debug|Any CPU
		{C4EB7942-CE56-4BB8-BEFD-E5803574BAFC}.Debug|x86.Build.0 = Debug|Any CPU
		{C4EB7942-CE56-4BB8-BEFD-E5803574BAFC}.Release|Any CPU.ActiveCfg = Release|Any CPU
		{C4EB7942-CE56-4BB8-BEFD-E5803574BAFC}.Release|Any CPU.Build.0 = Release|Any CPU
		{C4EB7942-CE56-4BB8-BEFD-E5803574BAFC}.Release|x64.ActiveCfg = Release|Any CPU
		{C4EB7942-CE56-4BB8-BEFD-E5803574BAFC}.Release|x64.Build.0 = Release|Any CPU
		{C4EB7942-CE56-4BB8-BEFD-E5803574BAFC}.Release|x86.ActiveCfg = Release|Any CPU
		{C4EB7942-CE56-4BB8-BEFD-E5803574BAFC}.Release|x86.Build.0 = Release|Any CPU
		{CCA231E6-19E9-4ED7-AA2B-35AB13707262}.Debug|Any CPU.ActiveCfg = Debug|Any CPU
		{CCA231E6-19E9-4ED7-AA2B-35AB13707262}.Debug|Any CPU.Build.0 = Debug|Any CPU
		{CCA231E6-19E9-4ED7-AA2B-35AB13707262}.Debug|x64.ActiveCfg = Debug|Any CPU
		{CCA231E6-19E9-4ED7-AA2B-35AB13707262}.Debug|x64.Build.0 = Debug|Any CPU
		{CCA231E6-19E9-4ED7-AA2B-35AB13707262}.Debug|x86.ActiveCfg = Debug|Any CPU
		{CCA231E6-19E9-4ED7-AA2B-35AB13707262}.Debug|x86.Build.0 = Debug|Any CPU
		{CCA231E6-19E9-4ED7-AA2B-35AB13707262}.Release|Any CPU.ActiveCfg = Release|Any CPU
		{CCA231E6-19E9-4ED7-AA2B-35AB13707262}.Release|Any CPU.Build.0 = Release|Any CPU
		{CCA231E6-19E9-4ED7-AA2B-35AB13707262}.Release|x64.ActiveCfg = Release|Any CPU
		{CCA231E6-19E9-4ED7-AA2B-35AB13707262}.Release|x64.Build.0 = Release|Any CPU
		{CCA231E6-19E9-4ED7-AA2B-35AB13707262}.Release|x86.ActiveCfg = Release|Any CPU
		{CCA231E6-19E9-4ED7-AA2B-35AB13707262}.Release|x86.Build.0 = Release|Any CPU
		{BC877217-0C3F-43E5-94A9-2F59E3A1D8CD}.Debug|Any CPU.ActiveCfg = Debug|Any CPU
		{BC877217-0C3F-43E5-94A9-2F59E3A1D8CD}.Debug|Any CPU.Build.0 = Debug|Any CPU
		{BC877217-0C3F-43E5-94A9-2F59E3A1D8CD}.Debug|x64.ActiveCfg = Debug|Any CPU
		{BC877217-0C3F-43E5-94A9-2F59E3A1D8CD}.Debug|x64.Build.0 = Debug|Any CPU
		{BC877217-0C3F-43E5-94A9-2F59E3A1D8CD}.Debug|x86.ActiveCfg = Debug|Any CPU
		{BC877217-0C3F-43E5-94A9-2F59E3A1D8CD}.Debug|x86.Build.0 = Debug|Any CPU
		{BC877217-0C3F-43E5-94A9-2F59E3A1D8CD}.Release|Any CPU.ActiveCfg = Release|Any CPU
		{BC877217-0C3F-43E5-94A9-2F59E3A1D8CD}.Release|Any CPU.Build.0 = Release|Any CPU
		{BC877217-0C3F-43E5-94A9-2F59E3A1D8CD}.Release|x64.ActiveCfg = Release|Any CPU
		{BC877217-0C3F-43E5-94A9-2F59E3A1D8CD}.Release|x64.Build.0 = Release|Any CPU
		{BC877217-0C3F-43E5-94A9-2F59E3A1D8CD}.Release|x86.ActiveCfg = Release|Any CPU
		{BC877217-0C3F-43E5-94A9-2F59E3A1D8CD}.Release|x86.Build.0 = Release|Any CPU
		{A497AE88-15C0-4E5A-BABF-53ED1E119669}.Debug|Any CPU.ActiveCfg = Debug|Any CPU
		{A497AE88-15C0-4E5A-BABF-53ED1E119669}.Debug|Any CPU.Build.0 = Debug|Any CPU
		{A497AE88-15C0-4E5A-BABF-53ED1E119669}.Debug|x64.ActiveCfg = Debug|Any CPU
		{A497AE88-15C0-4E5A-BABF-53ED1E119669}.Debug|x64.Build.0 = Debug|Any CPU
		{A497AE88-15C0-4E5A-BABF-53ED1E119669}.Debug|x86.ActiveCfg = Debug|Any CPU
		{A497AE88-15C0-4E5A-BABF-53ED1E119669}.Debug|x86.Build.0 = Debug|Any CPU
		{A497AE88-15C0-4E5A-BABF-53ED1E119669}.Release|Any CPU.ActiveCfg = Release|Any CPU
		{A497AE88-15C0-4E5A-BABF-53ED1E119669}.Release|Any CPU.Build.0 = Release|Any CPU
		{A497AE88-15C0-4E5A-BABF-53ED1E119669}.Release|x64.ActiveCfg = Release|Any CPU
		{A497AE88-15C0-4E5A-BABF-53ED1E119669}.Release|x64.Build.0 = Release|Any CPU
		{A497AE88-15C0-4E5A-BABF-53ED1E119669}.Release|x86.ActiveCfg = Release|Any CPU
		{A497AE88-15C0-4E5A-BABF-53ED1E119669}.Release|x86.Build.0 = Release|Any CPU
		{9EB93113-F9B8-428A-8A2B-2B5EFC54D6F1}.Debug|Any CPU.ActiveCfg = Debug|Any CPU
		{9EB93113-F9B8-428A-8A2B-2B5EFC54D6F1}.Debug|Any CPU.Build.0 = Debug|Any CPU
		{9EB93113-F9B8-428A-8A2B-2B5EFC54D6F1}.Debug|x64.ActiveCfg = Debug|Any CPU
		{9EB93113-F9B8-428A-8A2B-2B5EFC54D6F1}.Debug|x64.Build.0 = Debug|Any CPU
		{9EB93113-F9B8-428A-8A2B-2B5EFC54D6F1}.Debug|x86.ActiveCfg = Debug|Any CPU
		{9EB93113-F9B8-428A-8A2B-2B5EFC54D6F1}.Debug|x86.Build.0 = Debug|Any CPU
		{9EB93113-F9B8-428A-8A2B-2B5EFC54D6F1}.Release|Any CPU.ActiveCfg = Release|Any CPU
		{9EB93113-F9B8-428A-8A2B-2B5EFC54D6F1}.Release|Any CPU.Build.0 = Release|Any CPU
		{9EB93113-F9B8-428A-8A2B-2B5EFC54D6F1}.Release|x64.ActiveCfg = Release|Any CPU
		{9EB93113-F9B8-428A-8A2B-2B5EFC54D6F1}.Release|x64.Build.0 = Release|Any CPU
		{9EB93113-F9B8-428A-8A2B-2B5EFC54D6F1}.Release|x86.ActiveCfg = Release|Any CPU
		{9EB93113-F9B8-428A-8A2B-2B5EFC54D6F1}.Release|x86.Build.0 = Release|Any CPU
		{B3C4A8F2-9876-4F1F-A5E6-4A5C6B1E0D44}.Debug|Any CPU.ActiveCfg = Debug|Any CPU
		{B3C4A8F2-9876-4F1F-A5E6-4A5C6B1E0D44}.Debug|Any CPU.Build.0 = Debug|Any CPU
		{B3C4A8F2-9876-4F1F-A5E6-4A5C6B1E0D44}.Debug|x64.ActiveCfg = Debug|Any CPU
		{B3C4A8F2-9876-4F1F-A5E6-4A5C6B1E0D44}.Debug|x64.Build.0 = Debug|Any CPU
		{B3C4A8F2-9876-4F1F-A5E6-4A5C6B1E0D44}.Debug|x86.ActiveCfg = Debug|Any CPU
		{B3C4A8F2-9876-4F1F-A5E6-4A5C6B1E0D44}.Debug|x86.Build.0 = Debug|Any CPU
		{B3C4A8F2-9876-4F1F-A5E6-4A5C6B1E0D44}.Release|Any CPU.ActiveCfg = Release|Any CPU
		{B3C4A8F2-9876-4F1F-A5E6-4A5C6B1E0D44}.Release|Any CPU.Build.0 = Release|Any CPU
		{B3C4A8F2-9876-4F1F-A5E6-4A5C6B1E0D44}.Release|x64.ActiveCfg = Release|Any CPU
		{B3C4A8F2-9876-4F1F-A5E6-4A5C6B1E0D44}.Release|x64.Build.0 = Release|Any CPU
		{B3C4A8F2-9876-4F1F-A5E6-4A5C6B1E0D44}.Release|x86.ActiveCfg = Release|Any CPU
		{B3C4A8F2-9876-4F1F-A5E6-4A5C6B1E0D44}.Release|x86.Build.0 = Release|Any CPU
		{E90440B2-1840-4F08-8398-A816DA3BBF48}.Debug|Any CPU.ActiveCfg = Debug|Any CPU
		{E90440B2-1840-4F08-8398-A816DA3BBF48}.Debug|Any CPU.Build.0 = Debug|Any CPU
		{E90440B2-1840-4F08-8398-A816DA3BBF48}.Debug|x64.ActiveCfg = Debug|Any CPU
		{E90440B2-1840-4F08-8398-A816DA3BBF48}.Debug|x64.Build.0 = Debug|Any CPU
		{E90440B2-1840-4F08-8398-A816DA3BBF48}.Debug|x86.ActiveCfg = Debug|Any CPU
		{E90440B2-1840-4F08-8398-A816DA3BBF48}.Debug|x86.Build.0 = Debug|Any CPU
		{E90440B2-1840-4F08-8398-A816DA3BBF48}.Release|Any CPU.ActiveCfg = Release|Any CPU
		{E90440B2-1840-4F08-8398-A816DA3BBF48}.Release|Any CPU.Build.0 = Release|Any CPU
		{E90440B2-1840-4F08-8398-A816DA3BBF48}.Release|x64.ActiveCfg = Release|Any CPU
		{E90440B2-1840-4F08-8398-A816DA3BBF48}.Release|x64.Build.0 = Release|Any CPU
		{E90440B2-1840-4F08-8398-A816DA3BBF48}.Release|x86.ActiveCfg = Release|Any CPU
		{E90440B2-1840-4F08-8398-A816DA3BBF48}.Release|x86.Build.0 = Release|Any CPU
	EndGlobalSection
	GlobalSection(SolutionProperties) = preSolution
		HideSolutionNode = FALSE
	EndGlobalSection
	GlobalSection(ExtensibilityGlobals) = postSolution
		SolutionGuid = {A1B2C3D4-E5F6-4A5B-8C9D-0E1F2A3B4C5D}
		StartupProject = Dtce.WebClient
	EndGlobalSection
EndGlobal
